
Microsoft Visual Studio Solution File, Format Version 12.00
# Visual Studio Version 17
VisualStudioVersion = 17.5.33516.290
MinimumVisualStudioVersion = 10.0.40219.1
Project("{FAE04EC0-301F-11D3-BF4B-00C04F79EFBC}") = "LabFashion", "LabFashion\LabFashion.csproj", "{6A3A485D-4355-47E6-9752-6235E02C8E36}"
EndProject
Global
	GlobalSection(SolutionConfigurationPlatforms) = preSolution
		Debug|Any CPU = Debug|Any CPU
		Release|Any CPU = Release|Any CPU
	EndGlobalSection
	GlobalSection(ProjectConfigurationPlatforms) = postSolution
		{6A3A485D-4355-47E6-9752-6235E02C8E36}.Debug|Any CPU.ActiveCfg = Debug|Any CPU
		{6A3A485D-4355-47E6-9752-6235E02C8E36}.Debug|Any CPU.Build.0 = Debug|Any CPU
		{6A3A485D-4355-47E6-9752-6235E02C8E36}.Release|Any CPU.ActiveCfg = Release|Any CPU
		{6A3A485D-4355-47E6-9752-6235E02C8E36}.Release|Any CPU.Build.0 = Release|Any CPU
	EndGlobalSection
	GlobalSection(SolutionProperties) = preSolution
		HideSolutionNode = FALSE
	EndGlobalSection
	GlobalSection(ExtensibilityGlobals) = postSolution
		SolutionGuid = {3F057542-15FD-4DC5-A17C-199927109589}
	EndGlobalSection
EndGlobal
